Microsoft Visual Studio Solution File, Format Version 12.00
# Visual Studio Version 17
VisualStudioVersion = 17.5.2.0
MinimumVisualStudioVersion = 10.0.40219.1
Project("{FAE04EC0-301F-11D3-BF4B-00C04F79EFBC}") = "SearchCourse", "SearchCourse.csproj", "{B69C98B2-66A2-360B-BFA0-07E47CB7F167}"
EndProject
Global
	GlobalSection(SolutionConfigurationPlatforms) = preSolution
		Debug|Any CPU = Debug|Any CPU
		Release|Any CPU = Release|Any CPU
	EndGlobalSection
	GlobalSection(ProjectConfigurationPlatforms) = postSolution
		{B69C98B2-66A2-360B-BFA0-07E47CB7F167}.Debug|Any CPU.ActiveCfg = Debug|Any CPU
		{B69C98B2-66A2-360B-BFA0-07E47CB7F167}.Debug|Any CPU.Build.0 = Debug|Any CPU
		{B69C98B2-66A2-360B-BFA0-07E47CB7F167}.Release|Any CPU.ActiveCfg = Release|Any CPU
		{B69C98B2-66A2-360B-BFA0-07E47CB7F167}.Release|Any CPU.Build.0 = Release|Any CPU
	EndGlobalSection
	GlobalSection(SolutionProperties) = preSolution
		HideSolutionNode = FALSE
	EndGlobalSection
	GlobalSection(ExtensibilityGlobals) = postSolution
		SolutionGuid = {2EE5DED4-68AB-4E80-836B-F5A4B4F3D26D}
	EndGlobalSection
EndGlobal
